# Generated by conda-lock.
# platform: linux-64
# input_hash: d066d044c19a4187d44e81c364b327e23056b0a118b660049860f2a61387bc59
@EXPLICIT
https://conda.anaconda.org/conda-forge/linux-64/_libgcc_mutex-0.1-conda_forge.tar.bz2#d7c89558ba9fa0495403155b64376d81
https://conda.anaconda.org/conda-forge/noarch/python_abi-3.13-7_cp313.conda#e84b44e6300f1703cb25d29120c5b1d8
https://conda.anaconda.org/conda-forge/noarch/tzdata-2025b-h78e105d_0.conda#4222072737ccff51314b5ece9c7d6f5a
https://conda.anaconda.org/conda-forge/noarch/ca-certificates-2025.6.15-hbd8a1cb_0.conda#72525f07d72806e3b639ad4504c30ce5
https://conda.anaconda.org/conda-forge/linux-64/ld_impl_linux-64-2.43-h1423503_5.conda#6dc9e1305e7d3129af4ad0dabda30e56
https://conda.anaconda.org/conda-forge/linux-64/libgomp-15.1.0-h767d61c_3.conda#3cd1a7238a0dd3d0860fdefc496cc854
https://conda.anaconda.org/conda-forge/linux-64/_openmp_mutex-4.5-2_gnu.tar.bz2#73aaf86a425cc6e73fcf236a5a46396d
https://conda.anaconda.org/conda-forge/linux-64/libgcc-15.1.0-h767d61c_3.conda#9e60c55e725c20d23125a5f0dd69af5d
https://conda.anaconda.org/conda-forge/linux-64/c-ares-1.34.5-hb9d3cd8_0.conda#f7f0d6cc2dc986d42ac2689ec88192be
https://conda.anaconda.org/conda-forge/linux-64/libexpat-2.7.0-h5888daf_0.conda#db0bfbe7dd197b68ad5f30333bae6ce0
https://conda.anaconda.org/conda-forge/linux-64/libffi-3.4.6-h2dba641_1.conda#ede4673863426c0883c0063d853bbd85
https://conda.anaconda.org/conda-forge/linux-64/libgcc-ng-15.1.0-h69a702a_3.conda#e66f2b8ad787e7beb0f846e4bd7e8493
https://conda.anaconda.org/conda-forge/linux-64/libgfortran5-15.1.0-hcea5267_3.conda#530566b68c3b8ce7eec4cd047eae19fe
https://conda.anaconda.org/conda-forge/linux-64/libiconv-1.18-h4ce23a2_1.conda#e796ff8ddc598affdf7c173d6145f087
https://conda.anaconda.org/conda-forge/linux-64/liblzma-5.8.1-hb9d3cd8_2.conda#1a580f7796c7bf6393fddb8bbbde58dc
https://conda.anaconda.org/conda-forge/linux-64/libmpdec-4.0.0-hb9d3cd8_0.conda#c7e925f37e3b40d893459e625f6a53f1
https://conda.anaconda.org/conda-forge/linux-64/libstdcxx-15.1.0-h8f9b012_3.conda#6d11a5edae89fe413c0569f16d308f5a
https://conda.anaconda.org/conda-forge/linux-64/libuv-1.51.0-hb9d3cd8_0.conda#1349c022c92c5efd3fd705a79a5804d8
https://conda.anaconda.org/conda-forge/linux-64/libzlib-1.3.1-hb9d3cd8_2.conda#edb0dca6bc32e4f4789199455a1dbeb8
https://conda.anaconda.org/conda-forge/linux-64/ncurses-6.5-h2d0b736_3.conda#47e340acb35de30501a76c7c799c41d7
https://conda.anaconda.org/conda-forge/linux-64/openssl-3.5.0-h7b32b05_1.conda#de356753cfdbffcde5bb1e86e3aa6cd0
https://conda.anaconda.org/conda-forge/linux-64/bzip2-1.0.8-h4bc722e_7.conda#62ee74e96c5ebb0af99386de58cf9553
https://conda.anaconda.org/conda-forge/linux-64/keyutils-1.6.1-h166bdaf_0.tar.bz2#30186d27e2c9fa62b45fb1476b7200e3
https://conda.anaconda.org/conda-forge/linux-64/libaec-1.1.4-h3f801dc_0.conda#01ba04e414e47f95c03d6ddd81fd37be
https://conda.anaconda.org/conda-forge/linux-64/libedit-3.1.20250104-pl5321h7949ede_0.conda#c277e0a4d549b03ac1e9d6cbbe3d017b
https://conda.anaconda.org/conda-forge/linux-64/libev-4.33-hd590300_2.conda#172bf1cd1ff8629f2b1179945ed45055
https://conda.anaconda.org/conda-forge/linux-64/libgfortran-15.1.0-h69a702a_3.conda#bfbca721fd33188ef923dfe9ba172f29
https://conda.anaconda.org/conda-forge/linux-64/libsqlite-3.50.2-h6cd9bfd_0.conda#b04c7eda6d7dab1e6503135e7fad4d25
https://conda.anaconda.org/conda-forge/linux-64/libssh2-1.11.1-hcf80075_0.conda#eecce068c7e4eddeb169591baac20ac4
https://conda.anaconda.org/conda-forge/linux-64/libstdcxx-ng-15.1.0-h4852527_3.conda#57541755b5a51691955012b8e197c06c
https://conda.anaconda.org/conda-forge/linux-64/libuuid-2.38.1-h0b41bf4_0.conda#40b61aab5c7ba9ff276c41cfffe6b80b
https://conda.anaconda.org/conda-forge/linux-64/metis-5.1.0-hd0bcaf9_1007.conda#28eb714416de4eb83e2cbc47e99a1b45
https://conda.anaconda.org/conda-forge/linux-64/readline-8.2-h8c095d6_2.conda#283b96675859b20a825f8fa30f311446
https://conda.anaconda.org/conda-forge/linux-64/tk-8.6.13-noxft_hd72426e_102.conda#a0116df4f4ed05c303811a837d5b39d8
https://conda.anaconda.org/conda-forge/linux-64/uv-0.7.16-h2f11bb8_0.conda#873b5569d98a6863d55b0f3016f2fc64
https://conda.anaconda.org/conda-forge/linux-64/yaml-0.2.5-h7f98852_2.tar.bz2#4cb3ad778ec2d5a7acbdf254eb1c42ae
https://conda.anaconda.org/conda-forge/linux-64/zstd-1.5.7-hb8e6e7a_2.conda#6432cb5d4ac0046c3ac0a8a0f95842f9
https://conda.anaconda.org/conda-forge/linux-64/gmp-6.3.0-hac33072_2.conda#c94a5994ef49749880a8139cf9afcbe1
https://conda.anaconda.org/conda-forge/linux-64/icu-75.1-he02047a_0.conda#8b189310083baabfb622af68fd9d3ae3
https://conda.anaconda.org/conda-forge/linux-64/krb5-1.21.3-h659f571_0.conda#3f43953b7d3fb3aaa1d0d0723d91e368
https://conda.anaconda.org/conda-forge/linux-64/libnghttp2-1.64.0-h161d5f1_0.conda#19e57602824042dfd0446292ef90488b
https://conda.anaconda.org/conda-forge/linux-64/libopenblas-0.3.30-pthreads_h94d23a6_0.conda#323dc8f259224d13078aaf7ce96c3efe
https://conda.anaconda.org/conda-forge/linux-64/libsuitesparseconfig-7.10.1-h901830b_7100101.conda#57ae1dd979da7aa88a9b38bfa2e1d6b2
https://conda.anaconda.org/conda-forge/linux-64/python-3.13.5-hec9711d_102_cp313.conda#89e07d92cf50743886f41638d58c4328
https://conda.anaconda.org/conda-forge/linux-64/brotli-python-1.1.0-py313h46c70d0_3.conda#2babfedd9588ad40c7113ddfe6a5ca82
https://conda.anaconda.org/conda-forge/noarch/certifi-2025.6.15-pyhd8ed1ab_0.conda#781d068df0cc2407d4db0ecfbb29225b
https://conda.anaconda.org/conda-forge/noarch/charset-normalizer-3.4.2-pyhd8ed1ab_0.conda#40fe4284b8b5835a9073a645139f35af
https://conda.anaconda.org/conda-forge/noarch/click-8.2.1-pyh707e725_0.conda#94b550b8d3a614dbd326af798c7dfb40
https://conda.anaconda.org/conda-forge/noarch/colorama-0.4.6-pyhd8ed1ab_1.conda#962b9857ee8e7018c22f2776ffa0b2d7
https://conda.anaconda.org/conda-forge/noarch/dill-0.4.0-pyhd8ed1ab_0.conda#885745570573eb6a08e021841928297a
https://conda.anaconda.org/conda-forge/noarch/hpack-4.1.0-pyhd8ed1ab_0.conda#0a802cb9888dd14eeefc611f05c40b6e
https://conda.anaconda.org/conda-forge/linux-64/httptools-0.6.4-py313h536fd9c_0.conda#0a59582d8f8d588916b411e4b88db32e
https://conda.anaconda.org/conda-forge/noarch/hyperframe-6.1.0-pyhd8ed1ab_0.conda#8e6923fc12f1fe8f8c4e5c9f343256ac
https://conda.anaconda.org/conda-forge/noarch/idna-3.10-pyhd8ed1ab_1.conda#39a4f67be3286c86d696df570b1201b7
https://conda.anaconda.org/conda-forge/noarch/iniconfig-2.0.0-pyhd8ed1ab_1.conda#6837f3eff7dcea42ecd714ce1ac2b108
https://conda.anaconda.org/conda-forge/linux-64/libamd-3.3.3-h456b2da_7100101.conda#a067596d679bcde85375143e7c374738
https://conda.anaconda.org/conda-forge/linux-64/libblas-3.9.0-32_h59b9bed_openblas.conda#2af9f3d5c2e39f417ce040f5a35c40c6
https://conda.anaconda.org/conda-forge/linux-64/libbtf-2.3.2-hf02c80a_7100101.conda#6f4aec52002defbdf3e24eb79e56a209
https://conda.anaconda.org/conda-forge/linux-64/libcamd-3.3.3-hf02c80a_7100101.conda#1c9d1532caadece8adc2d14c6d4fc726
https://conda.anaconda.org/conda-forge/linux-64/libccolamd-3.3.4-hf02c80a_7100101.conda#e5107e02dc4c2f9f41eef72d72c23517
https://conda.anaconda.org/conda-forge/linux-64/libcolamd-3.3.4-hf02c80a_7100101.conda#56d4c5542887e8955f21f8546ad75d9d
https://conda.anaconda.org/conda-forge/linux-64/libcurl-8.14.1-h332b0f4_0.conda#45f6713cb00f124af300342512219182
https://conda.anaconda.org/conda-forge/linux-64/libcxsparse-4.4.1-hf02c80a_7100101.conda#917931d508582ef891bbac172294d9fb
https://conda.anaconda.org/conda-forge/linux-64/libldl-3.3.2-hf02c80a_7100101.conda#19b71122fea7f6b1c4815f385b2da419
https://conda.anaconda.org/conda-forge/linux-64/librbio-4.3.4-hf02c80a_7100101.conda#4b3a3d711d1c1f76f7f440e51458f512
https://conda.anaconda.org/conda-forge/linux-64/libxml2-2.13.8-h4bc477f_0.conda#14dbe05b929e329dbaa6f2d0aa19466d
https://conda.anaconda.org/conda-forge/linux-64/markupsafe-3.0.2-py313h8060acc_1.conda#21b62c55924f01b6eef6827167b46acb
https://conda.anaconda.org/conda-forge/noarch/mdurl-0.1.2-pyhd8ed1ab_1.conda#592132998493b3ff25fd7479396e8351
https://conda.anaconda.org/conda-forge/linux-64/mpfr-4.2.1-h90cbb55_3.conda#2eeb50cab6652538eee8fc0bc3340c81
https://conda.anaconda.org/conda-forge/noarch/packaging-25.0-pyh29332c3_1.conda#58335b26c38bf4a20f399384c33cbcf9
https://conda.anaconda.org/conda-forge/noarch/pip-25.1.1-pyh145f28c_0.conda#01384ff1639c6330a0924791413b8714
https://conda.anaconda.org/conda-forge/noarch/pluggy-1.6.0-pyhd8ed1ab_0.conda#7da7ccd349dbf6487a7778579d2bb971
https://conda.anaconda.org/conda-forge/noarch/pycparser-2.22-pyh29332c3_1.conda#12c566707c80111f9799308d9e265aef
https://conda.anaconda.org/conda-forge/noarch/pygments-2.19.2-pyhd8ed1ab_0.conda#6b6ece66ebcae2d5f326c77ef2c5a066
https://conda.anaconda.org/conda-forge/noarch/pysocks-1.7.1-pyha55dd90_7.conda#461219d1a5bd61342293efa2c0c90eac
https://conda.anaconda.org/conda-forge/noarch/python-dotenv-1.1.1-pyhe01879c_0.conda#a245b3c04afa11e2e52a0db91550da7c
https://conda.anaconda.org/conda-forge/noarch/python-multipart-0.0.20-pyhff2d567_0.conda#a28c984e0429aff3ab7386f7de56de6f
https://conda.anaconda.org/conda-forge/linux-64/pyyaml-6.0.2-py313h8060acc_2.conda#50992ba61a8a1f8c2d346168ae1c86df
https://conda.anaconda.org/conda-forge/noarch/setuptools-80.9.0-pyhff2d567_0.conda#4de79c071274a53dcaf2a8c749d1499e
https://conda.anaconda.org/conda-forge/noarch/shellingham-1.5.4-pyhd8ed1ab_1.conda#7c3c2a0f3ebdea2bbc35538d162b43bf
https://conda.anaconda.org/conda-forge/noarch/sniffio-1.3.1-pyhd8ed1ab_1.conda#bf7a226e58dfb8346c70df36065d86c9
https://conda.anaconda.org/conda-forge/noarch/tomli-2.2.1-pyhd8ed1ab_1.conda#ac944244f1fed2eb49bae07193ae8215
https://conda.anaconda.org/conda-forge/noarch/typing_extensions-4.14.0-pyhe01879c_0.conda#2adcd9bb86f656d3d43bf84af59a1faf
https://conda.anaconda.org/conda-forge/linux-64/uvloop-0.21.0-py313h536fd9c_1.conda#da0d10783ecd3b329ab2a16cab096980
https://conda.anaconda.org/conda-forge/linux-64/websockets-15.0.1-py313h536fd9c_0.conda#386e5d30ed6c4e5fb99d5a163a3f7028
https://conda.anaconda.org/conda-forge/linux-64/cffi-1.17.1-py313hfab6e84_0.conda#ce6386a5892ef686d6d680c345c40ad1
https://conda.anaconda.org/conda-forge/noarch/dnspython-2.7.0-pyhff2d567_1.conda#5fbd60d61d21b4bd2f9d7a48fe100418
https://conda.anaconda.org/conda-forge/noarch/exceptiongroup-1.3.0-pyhd8ed1ab_0.conda#72e42d28960d875c7654614f8b50939a
https://conda.anaconda.org/conda-forge/linux-64/gunicorn-23.0.0-py313h78bf25f_1.conda#4954a80f3a561ea1ff883327de0e7700
https://conda.anaconda.org/conda-forge/noarch/h11-0.16.0-pyhd8ed1ab_0.conda#4b69232755285701bc86a5afe4d9933a
https://conda.anaconda.org/conda-forge/noarch/h2-4.2.0-pyhd8ed1ab_0.conda#b4754fb1bdcb70c8fd54f918301582c6
https://conda.anaconda.org/conda-forge/linux-64/hdf5-1.14.3-nompi_h2d575fe_109.conda#e7a7a6e6f70553a31e6e79c65768d089
https://conda.anaconda.org/conda-forge/noarch/jinja2-3.1.6-pyhd8ed1ab_0.conda#446bd6c8cb26050d528881df495ce646
https://conda.anaconda.org/conda-forge/linux-64/libcblas-3.9.0-32_he106b2a_openblas.conda#3d3f9355e52f269cd8bc2c440d8a5263
https://conda.anaconda.org/conda-forge/linux-64/libhwloc-2.11.2-default_h0d58e46_1001.conda#804ca9e91bcaea0824a341d55b1684f2
https://conda.anaconda.org/conda-forge/linux-64/liblapack-3.9.0-32_h7ac8fdf_openblas.conda#6c3f04ccb6c578138e9f9899da0bd714
https://conda.anaconda.org/conda-forge/linux-64/libspex-3.2.3-h9226d62_7100101.conda#63323b258079a75133ccecbb0902614d
https://conda.anaconda.org/conda-forge/noarch/markdown-it-py-3.0.0-pyhd8ed1ab_1.conda#fee3164ac23dfca50cfcc8b85ddefb81
https://conda.anaconda.org/conda-forge/noarch/typer-slim-0.16.0-pyhe01879c_0.conda#0d0a6c08daccb968c8c8fa93070658e2
https://conda.anaconda.org/conda-forge/noarch/typing-extensions-4.14.0-h32cad80_0.conda#a1cdd40fc962e2f7944bc19e01c7e584
https://conda.anaconda.org/conda-forge/noarch/typing-inspection-0.4.1-pyhd8ed1ab_0.conda#e0c3cd765dc15751ee2f0b03cd015712
https://conda.anaconda.org/conda-forge/noarch/annotated-types-0.7.0-pyhd8ed1ab_1.conda#2934f256a8acfe48f6ebb4fce6cde29c
https://conda.anaconda.org/conda-forge/noarch/anyio-4.9.0-pyh29332c3_0.conda#9749a2c77a7c40d432ea0927662d7e52
https://conda.anaconda.org/conda-forge/linux-64/cryptography-45.0.4-py313h6556f6e_0.conda#48fe3ecda5de1fc0362a0821f6ba2378
https://conda.anaconda.org/conda-forge/noarch/email-validator-2.2.0-pyhd8ed1ab_1.conda#da16dd3b0b71339060cd44cb7110ddf9
https://conda.anaconda.org/conda-forge/linux-64/libcholmod-5.3.1-h9cf07ce_7100101.conda#f51e24ce110ae24c92074736a308e47e
https://conda.anaconda.org/conda-forge/linux-64/pydantic-core-2.33.2-py313h4b2b08d_0.conda#04b21004fe9316e29c92aa3accd528e5
https://conda.anaconda.org/conda-forge/noarch/pytest-8.4.1-pyhd8ed1ab_0.conda#a49c2283f24696a7b30367b7346a0144
https://conda.anaconda.org/conda-forge/noarch/rich-14.0.0-pyh29332c3_0.conda#202f08242192ce3ed8bdb439ba40c0fe
https://conda.anaconda.org/conda-forge/linux-64/superlu-7.0.1-h8f6e6c4_0.conda#6bd14d1838657334b3c0eb02f85561e2
https://conda.anaconda.org/conda-forge/linux-64/tbb-2022.1.0-h4ce085d_0.conda#f0afd0c7509f6c1b8d77ee64d7ba64b8
https://conda.anaconda.org/conda-forge/noarch/uvicorn-0.34.3-pyh31011fe_0.conda#1520c1396715d45d02f5aa045854a65c
https://conda.anaconda.org/conda-forge/linux-64/zstandard-0.23.0-py313h536fd9c_2.conda#a026ac7917310da90a98eac2c782723c
https://conda.anaconda.org/conda-forge/noarch/email_validator-2.2.0-hd8ed1ab_1.conda#0794f8807ff2c6f020422cacb1bd7bfa
https://conda.anaconda.org/conda-forge/noarch/httpcore-1.0.9-pyh29332c3_0.conda#4f14640d58e2cc0aa0819d9d8ba125bb
https://conda.anaconda.org/conda-forge/linux-64/libklu-2.3.5-h95ff59c_7100101.conda#efaa5e7dc6989363585fbb591480b256
https://conda.anaconda.org/conda-forge/linux-64/libspqr-4.3.4-h23b7119_7100101.conda#c1ee33a71065c1f0efd9c8174d5f18b0
https://conda.anaconda.org/conda-forge/linux-64/libumfpack-6.3.5-h873dde6_7100101.conda#9626fc7667bc6c901c7a0a4004938c71
https://conda.anaconda.org/conda-forge/noarch/pydantic-2.11.7-pyh3cfb1c2_0.conda#1b337e3d378cde62889bb735c024b7a2
https://conda.anaconda.org/conda-forge/noarch/rich-toolkit-0.11.3-pyh29332c3_0.conda#4ba15ae9388b67d09782798347481f69
https://conda.anaconda.org/conda-forge/noarch/starlette-0.46.2-pyh81abbef_0.conda#36ec80c2b37e52760ab41be7c2bd1fd3
https://conda.anaconda.org/conda-forge/linux-64/tbb-devel-2022.1.0-h1f99690_0.conda#c74ce0b7a1d2e7a38409b0b0a6cd2df8
https://conda.anaconda.org/conda-forge/noarch/typer-slim-standard-0.16.0-hf964461_0.conda#c8fb6ddb4f5eb567d049f85b3f0c8019
https://conda.anaconda.org/conda-forge/noarch/urllib3-2.5.0-pyhd8ed1ab_0.conda#436c165519e140cb08d246a4472a9d6a
https://conda.anaconda.org/conda-forge/linux-64/watchfiles-1.1.0-py313h920b4c0_0.conda#c9f7604d02c82ec812444d5ccee625bd
https://conda.anaconda.org/conda-forge/noarch/httpx-0.28.1-pyhd8ed1ab_0.conda#d6989ead454181f4f9bc987d3dc4e285
https://conda.anaconda.org/conda-forge/linux-64/libparu-1.0.0-hc6afc67_7100101.conda#fd1d3e26c1b12c70f7449369ae3d9c1a
https://conda.anaconda.org/conda-forge/noarch/requests-2.32.4-pyhd8ed1ab_0.conda#f6082eae112814f1447b56a5e1f6ed05
https://conda.anaconda.org/conda-forge/noarch/typer-0.16.0-pyh167b9f4_0.conda#985cc086b73bda52b2f8d66dcda460a1
https://conda.anaconda.org/conda-forge/noarch/uvicorn-standard-0.34.3-h31011fe_0.conda#6d80b382cafd45723e75dccef6496c67
https://conda.anaconda.org/conda-forge/noarch/fastapi-cli-0.0.7-pyhd8ed1ab_0.conda#d960e0ea9e1c561aa928f6c4439f04c7
https://conda.anaconda.org/conda-forge/linux-64/suitesparse-7.10.1-h5b2951e_7100101.conda#e927e0f248a498050443dab8bb1203a9
https://conda.anaconda.org/conda-forge/linux-64/cadet-5.0.4-h91ef060_0.conda#30bbc111fbc7de5bae076af3fc3c270c
https://conda.anaconda.org/conda-forge/noarch/fastapi-0.115.14-pyhe01879c_0.conda#8f4fcc62c241e372495c19fe6f8b1908
# pip about-time @ https://files.pythonhosted.org/packages/fb/cd/7ee00d6aa023b1d0551da0da5fee3bc23c3eeea632fbfc5126d1fec52b7e/about_time-4.2.1-py3-none-any.whl#sha256=8bbf4c75fe13cbd3d72f49a03b02c5c7dca32169b6d49117c257e7eb3eaee341
# pip addict @ https://files.pythonhosted.org/packages/5d/85/64d596fb23ccaa404fc7d7da61ce155d9c0d07f2890dbd9e88f236cc9134/addict-2.3.0-py3-none-any.whl#sha256=69904f5650015d93043522b27316649b6dc877ab1eabb9ea9eb7b11386882edc
# pip cycler @ https://files.pythonhosted.org/packages/e7/05/c19819d5e3d95294a6f5947fb9b9629efb316b96de511b418c53d245aae6/cycler-0.12.1-py3-none-any.whl#sha256=85cef7cff222d8644161529808465972e51340599459b8ac3ccbac5a854e0d30
# pip diskcache @ https://files.pythonhosted.org/packages/3f/27/4570e78fc0bf5ea0ca45eb1de3818a23787af9b390c0b0a0033a1b8236f9/diskcache-5.6.3-py3-none-any.whl#sha256=5e31b2d5fbad117cc363ebaf6b689474db18a1f6438bc82358b024abd4c2ca19
# pip filelock @ https://files.pythonhosted.org/packages/4d/36/2a115987e2d8c300a974597416d9de88f2444426de9571f4b59b2cca3acc/filelock-3.18.0-py3-none-any.whl#sha256=c401f4f8377c4464e6db25fff06205fd89bdd83b65eb0488ed1b160f780e21de
# pip fonttools @ https://files.pythonhosted.org/packages/b2/11/c9972e46a6abd752a40a46960e431c795ad1f306775fc1f9e8c3081a1274/fonttools-4.58.4-cp313-cp313-manylinux1_x86_64.manylinux2014_x86_64.manylinux_2_17_x86_64.manylinux_2_5_x86_64.whl#sha256=fe5807fc64e4ba5130f1974c045a6e8d795f3b7fb6debfa511d1773290dbb76b
# pip grapheme @ https://files.pythonhosted.org/packages/ce/e7/bbaab0d2a33e07c8278910c1d0d8d4f3781293dfbc70b5c38197159046bf/grapheme-0.6.0.tar.gz#sha256=44c2b9f21bbe77cfb05835fec230bd435954275267fea1858013b102f8603cca
# pip joblib @ https://files.pythonhosted.org/packages/7d/4f/1195bbac8e0c2acc5f740661631d8d750dc38d4a32b23ee5df3cde6f4e0d/joblib-1.5.1-py3-none-any.whl#sha256=4719a31f054c7d766948dcd83e9613686b27114f190f717cec7eaa2084f8a74a
# pip kiwisolver @ https://files.pythonhosted.org/packages/8f/e9/6a7d025d8da8c4931522922cd706105aa32b3291d1add8c5427cdcd66e63/kiwisolver-1.4.8-cp313-cp313-manylinux_2_17_x86_64.manylinux2014_x86_64.whl#sha256=a5ce1e481a74b44dd5e92ff03ea0cb371ae7a0268318e202be06c8f04f4f1246
# pip llvmlite @ https://files.pythonhosted.org/packages/d2/1b/656f5a357de7135a3777bd735cc7c9b8f23b4d37465505bd0eaf4be9befe/llvmlite-0.44.0-cp313-cp313-manylinux_2_17_x86_64.manylinux2014_x86_64.whl#sha256=46224058b13c96af1365290bdfebe9a6264ae62fb79b2b55693deed11657a8bf
# pip mpmath @ https://files.pythonhosted.org/packages/43/e3/7d92a15f894aa0c9c4b49b8ee9ac9850d6e63b03c9c32c0367a13ae62209/mpmath-1.3.0-py3-none-any.whl#sha256=a0b2b9fe80bbcd81a6647ff13108738cfb482d481d826cc0e02f5b35e5c88d2c
# pip numpy @ https://files.pythonhosted.org/packages/19/49/4df9123aafa7b539317bf6d342cb6d227e49f7a35b99c287a6109b13dd93/numpy-2.2.6-cp313-cp313-manylinux_2_17_x86_64.manylinux2014_x86_64.whl#sha256=1bc23a79bfabc5d056d106f9befb8d50c31ced2fbc70eedb8155aec74a45798f
# pip pillow @ https://files.pythonhosted.org/packages/13/eb/2552ecebc0b887f539111c2cd241f538b8ff5891b8903dfe672e997529be/pillow-11.2.1-cp313-cp313-manylinux_2_28_x86_64.whl#sha256=ad275964d52e2243430472fc5d2c2334b4fc3ff9c16cb0a19254e25efa03a155
# pip pox @ https://files.pythonhosted.org/packages/0d/c2/6435789c26661bef699868ee54d2763aea636a1ed21ec8e350b1f9f65888/pox-0.3.6-py3-none-any.whl#sha256=d48654d0a3dca0c9c02dccae54a53c3870286a5217ad306b2bd94f84e008bc1b
# pip ppft @ https://files.pythonhosted.org/packages/5b/23/6aef7c24f4ee6f765aeaaaa3bf24cfdb0730a20336a02b1a061d227d84be/ppft-1.7.7-py3-none-any.whl#sha256=fb7524db110682de886b4bb5b08f7bf6a38940566074ef2f62521cbbd3864676
# pip psutil @ https://files.pythonhosted.org/packages/bf/b9/b0eb3f3cbcb734d930fdf839431606844a825b23eaf9a6ab371edac8162c/psutil-7.0.0-cp36-abi3-manylinux_2_12_x86_64.manylinux2010_x86_64.manylinux_2_17_x86_64.manylinux2014_x86_64.whl#sha256=4b1388a4f6875d7e2aff5c4ca1cc16c545ed41dd8bb596cefea80111db353a34
# pip pyparsing @ https://files.pythonhosted.org/packages/05/e7/df2285f3d08fee213f2d041540fa4fc9ca6c2d44cf36d3a035bf2a8d2bcc/pyparsing-3.2.3-py3-none-any.whl#sha256=a749938e02d6fd0b59b356ca504a24982314bb090c383e3cf201c95ef7e2bfcf
# pip pytz @ https://files.pythonhosted.org/packages/81/c4/34e93fe5f5429d7570ec1fa436f1986fb1f00c3e0f43a589fe2bbcd22c3f/pytz-2025.2-py2.py3-none-any.whl#sha256=5ddf76296dd8c44c26eb8f4b6f35488f3ccbf6fbbd7adee0b7262d43f0ec2f00
# pip six @ https://files.pythonhosted.org/packages/b7/ce/149a00dd41f10bc29e5921b496af8b574d8413afcd5e30dfa0ed46c2cc5e/six-1.17.0-py2.py3-none-any.whl#sha256=4721f391ed90541fddacab5acf947aa0d3dc7d27b2e1e8eda2be8970586c3274
# pip swiglpk @ https://files.pythonhosted.org/packages/84/a9/f0b7165137d7cb877f8d4c5670ccd8bd73d03c9e1080d382f470308e31e3/swiglpk-5.0.12-cp313-cp313-manylinux_2_17_x86_64.manylinux2014_x86_64.whl#sha256=190346671880aad44bcd96d13d2d8b0373b5bbffa20577b85f494935381190c9
# pip threadpoolctl @ https://files.pythonhosted.org/packages/32/d5/f9a850d79b0851d1d4ef6456097579a9005b31fea68726a4ae5f2d82ddd9/threadpoolctl-3.6.0-py3-none-any.whl#sha256=43a0b8fd5a2928500110039e43a5eed8480b918967083ea48dc3ab9f13c4a7fb
# pip tqdm @ https://files.pythonhosted.org/packages/d0/30/dc54f88dd4a2b5dc8a0279bdd7270e735851848b762aeb1c1184ed1f6b14/tqdm-4.67.1-py3-none-any.whl#sha256=26445eca388f82e72884e0d580d5464cd801a3ea01e63e5601bdff9ba6a48de2
# pip tzdata @ https://files.pythonhosted.org/packages/5c/23/c7abc0ca0a1526a0774eca151daeb8de62ec457e77262b66b359c3c7679e/tzdata-2025.2-py2.py3-none-any.whl#sha256=1a403fada01ff9221ca8044d701868fa132215d84beb92242d9acd2147f667a8
# pip wrapt @ https://files.pythonhosted.org/packages/d5/66/5d973e9f3e7370fd686fb47a9af3319418ed925c27d72ce16b791231576d/wrapt-1.17.2-cp313-cp313-manylinux_2_5_x86_64.manylinux1_x86_64.manylinux_2_17_x86_64.manylinux2014_x86_64.whl#sha256=8112e52c5822fc4253f3901b676c55ddf288614dc7011634e2719718eaa187dc
# pip alive-progress @ https://files.pythonhosted.org/packages/57/39/cade3a5a97fffa3ae84f298208237b3a9f7112d6b0ed57e8ff4b755e44b4/alive_progress-3.2.0-py3-none-any.whl#sha256=0677929f8d3202572e9d142f08170b34dbbe256cc6d2afbf75ef187c7da964a8
# pip autograd @ https://files.pythonhosted.org/packages/84/ea/e16f0c423f7d83cf8b79cae9452040fb7b2e020c7439a167ee7c317de448/autograd-1.8.0-py3-none-any.whl#sha256=4ab9084294f814cf56c280adbe19612546a35574d67c574b04933c7d2ecb7d78
# pip cma @ https://files.pythonhosted.org/packages/f8/ea/8354a45ea705bd0e67cbf67754bcc16ece4b09404ecf0228c479b6eef30b/cma-4.2.0-py3-none-any.whl#sha256=844dc93abaa427c5a37520586970c463dfce6f8aad5652e0fbd6e0229970f1ae
# pip contourpy @ https://files.pythonhosted.org/packages/c8/65/5245ce8c548a8422236c13ffcdcdada6a2a812c361e9e0c70548bb40b661/contourpy-1.3.2-cp313-cp313-manylinux_2_17_x86_64.manylinux2014_x86_64.whl#sha256=434f0adf84911c924519d2b08fc10491dd282b20bdd3fa8f60fd816ea0b48841
# pip deprecated @ https://files.pythonhosted.org/packages/6e/c6/ac0b6c1e2d138f1002bcf799d330bd6d85084fece321e662a14223794041/Deprecated-1.2.18-py2.py3-none-any.whl#sha256=bd5011788200372a32418f888e326a09ff80d0214bd961147cfed01b5c018eec
# pip h5py @ https://files.pythonhosted.org/packages/e7/ec/86f59025306dcc6deee5fda54d980d077075b8d9889aac80f158bd585f1b/h5py-3.14.0-cp313-cp313-manylinux_2_17_x86_64.manylinux2014_x86_64.whl#sha256=d90e6445ab7c146d7f7981b11895d70bc1dd91278a4f9f9028bc0c95e4a53f13
# pip multiprocess @ https://files.pythonhosted.org/packages/ee/25/7d7e78e750bc1aecfaf0efbf826c69a791d2eeaf29cf20cba93ff4cced78/multiprocess-0.70.18-py313-none-any.whl#sha256=871743755f43ef57d7910a38433cfe41319e72be1bbd90b79c7a5ac523eb9334
# pip numba @ https://files.pythonhosted.org/packages/0d/e0/5ea04e7ad2c39288c0f0f9e8d47638ad70f28e275d092733b5817cf243c9/numba-0.61.2-cp313-cp313-manylinux2014_x86_64.manylinux_2_17_x86_64.whl#sha256=bdbca73ad81fa196bd53dc12e3aaf1564ae036e0c125f237c7644fe64a4928ab
# pip python-dateutil @ https://files.pythonhosted.org/packages/ec/57/56b9bcc3c9c6a792fcbaf139543cee77261f3651ca9da0c93f5c1221264b/python_dateutil-2.9.0.post0-py2.py3-none-any.whl#sha256=a8b2bc7bffae282281c8140a97d3aa9c14da0b136dfe83f850eea9a5f7470427
# pip scipy @ https://files.pythonhosted.org/packages/11/6b/3443abcd0707d52e48eb315e33cc669a95e29fc102229919646f5a501171/scipy-1.16.0-cp313-cp313-manylinux2014_x86_64.manylinux_2_17_x86_64.whl#sha256=1d8747f7736accd39289943f7fe53a8333be7f15a82eea08e4afe47d79568c32
# pip sympy @ https://files.pythonhosted.org/packages/a2/09/77d55d46fd61b4a135c444fc97158ef34a095e5681d0a6c10b75bf356191/sympy-1.14.0-py3-none-any.whl#sha256=e091cc3e99d2141a0ba2847328f5479b05d94a6635cb96148ccb3f34671bd8f5
# pip cadet-python @ https://files.pythonhosted.org/packages/18/00/0172e0ca61f5d421b3b1ba30ae8bf4d412ca68c9e338aba4d195a1224f2f/cadet_python-1.1.0-py3-none-any.whl#sha256=23ea802f92a7af5214eda6eea96819dee2f7ea00d15296d4476cd9001cd91e76
# pip h5netcdf @ https://files.pythonhosted.org/packages/8f/cf/5a5d9ecee3269dfe724fc1874c1e87d2bdd4de26ee74baea34c673551c0e/h5netcdf-1.6.2-py3-none-any.whl#sha256=a2505bd171e3cf2e95ab935feaa02c69588877a7ce32ae604746d136de3155c0
# pip matplotlib @ https://files.pythonhosted.org/packages/f5/64/41c4367bcaecbc03ef0d2a3ecee58a7065d0a36ae1aa817fe573a2da66d4/matplotlib-3.10.3-cp313-cp313-manylinux_2_17_x86_64.manylinux2014_x86_64.whl#sha256=a80fcccbef63302c0efd78042ea3c2436104c5b1a4d3ae20f864593696364ac7
# pip optlang @ https://files.pythonhosted.org/packages/52/18/8215ef740dd5b5d982de9c4cd352c99ce92c40c208245a2e8909bea7c0d6/optlang-1.8.3-py2.py3-none-any.whl#sha256=b81f4e873f0c1d0d907410add63aea427762d911245eb04a4a1126da5fedb595
# pip pandas @ https://files.pythonhosted.org/packages/2a/b3/463bfe819ed60fb7e7ddffb4ae2ee04b887b3444feee6c19437b8f834837/pandas-2.3.0-cp313-cp313-manylinux_2_17_x86_64.manylinux2014_x86_64.whl#sha256=213cd63c43263dbb522c1f8a7c9d072e25900f6975596f883f4bebd77295d4f3
# pip pathos @ https://files.pythonhosted.org/packages/11/0a/daece46e65c821d153746566a1604ac90338f0279b1fb858a3617eb60472/pathos-0.3.4-py3-none-any.whl#sha256=fe44883448c05c80d518b61df491b496f6190bb6860253f3254d8c9afb53c340
# pip scikit-learn @ https://files.pythonhosted.org/packages/d5/cd/a19722241d5f7b51e08351e1e82453e0057aeb7621b17805f31fcb57bb6c/scikit_learn-1.7.0-cp313-cp313-manylinux_2_17_x86_64.manylinux2014_x86_64.whl#sha256=1babf2511e6ffd695da7a983b4e4d6de45dce39577b26b721610711081850906
# pip corner @ https://files.pythonhosted.org/packages/4e/4a/5bd0a8b981c5a93153d9eb7c63143b407cc7f8dfc9f91eedc9b6f5289eca/corner-2.2.3-py3-none-any.whl#sha256=39674b223482456c3a78234dc7bdefd21188a2d47bb8cd468104a0501f6659ec
# pip polyround @ https://files.pythonhosted.org/packages/57/da/f9a3c1ee1184f030aa9bcb4a1b6bb8baaad07918881d93e259e789df2880/PolyRound-0.3.0-py3-none-any.whl#sha256=9dabf3852370b14778aec6e8d6e3049167359e1d8aaa9d1ff11d51d3bc89d7b0
# pip pymoo @ https://files.pythonhosted.org/packages/4d/75/7a7e1ddea474ef3e0d1845c20e7792743a8b01850e2956a6f776dbf87f46/pymoo-0.6.1.5-cp313-cp313-manylinux_2_17_x86_64.manylinux2014_x86_64.whl#sha256=da0d2afe9fa6a94fbec3fe970fa9426309b668eefb1eb796f44bfa186cf2c5ad
# pip xarray @ https://files.pythonhosted.org/packages/82/8a/6b50c1dd2260d407c1a499d47cf829f59f07007e0dcebafdabb24d1d26a5/xarray-2025.6.1-py3-none-any.whl#sha256=8b988b47f67a383bdc3b04c5db475cd165e580134c1f1943d52aee4a9c97651b
# pip xarray-einstats @ https://files.pythonhosted.org/packages/17/8b/ed2f0f49385c3d7739cd4699954add26e8f09a372a0c3f04f2bde32fcea2/xarray_einstats-0.9.1-py3-none-any.whl#sha256=777339524e85d066f2ef9ed1e3a3fb63aead4c1065fd1406f30dfa4de58ce063
# pip arviz @ https://files.pythonhosted.org/packages/53/a5/ee388284ef7fc945f3f58ef6a1045e45f7124aa73d0ecab556e23e5bd3ee/arviz-0.21.0-py3-none-any.whl#sha256=fee1008af6d10c35dbd6b3335569d46a685d87be1b23e17f1fd0ef673aae5623
# pip hopsy @ https://files.pythonhosted.org/packages/ca/21/537996d2328368323f08ac9d02fa2e158df63acc210bf19a2dd7ffa28bb5/hopsy-1.6.1-cp313-cp313-manylinux_2_17_x86_64.manylinux2014_x86_64.whl#sha256=fdfb78fc445f0f70a2d7025ac42e02de34d2eac457892fd2cdd1f91826fdcece
# pip cadet-process @ https://files.pythonhosted.org/packages/a5/b9/13e0dba01d20324cea7f53ccc085acf202038687d6a4b80ead97e92f4ef8/cadet_process-0.11.1-py3-none-any.whl#sha256=6bc9d970e8a188d467827c7b5145e400221327ccbb169ccd4df4046c49a3caf6
